
Microsoft Visual Studio Solution File, Format Version 12.00
# Visual Studio Version 17
VisualStudioVersion = 17.2.32616.157
MinimumVisualStudioVersion = 10.0.40219.1
Project("{FAE04EC0-301F-11D3-BF4B-00C04F79EFBC}") = "InterProcessCommunication", "InterProcessCommunication\InterProcessCommunication.csproj", "{75052DD3-9850-47FC-9E42-2E9CB758FCB5}"
EndProject
Global
	GlobalSection(SolutionConfigurationPlatforms) = preSolution
		Debug|Any CPU = Debug|Any CPU
		Release|Any CPU = Release|Any CPU
	EndGlobalSection
	GlobalSection(ProjectConfigurationPlatforms) = postSolution
		{75052DD3-9850-47FC-9E42-2E9CB758FCB5}.Debug|Any CPU.ActiveCfg = Debug|Any CPU
		{75052DD3-9850-47FC-9E42-2E9CB758FCB5}.Debug|Any CPU.Build.0 = Debug|Any CPU
		{75052DD3-9850-47FC-9E42-2E9CB758FCB5}.Release|Any CPU.ActiveCfg = Release|Any CPU
		{75052DD3-9850-47FC-9E42-2E9CB758FCB5}.Release|Any CPU.Build.0 = Release|Any CPU
	EndGlobalSection
	GlobalSection(SolutionProperties) = preSolution
		HideSolutionNode = FALSE
	EndGlobalSection
	GlobalSection(ExtensibilityGlobals) = postSolution
		SolutionGuid = {2BD54290-92F4-4ED5-8B58-85A0B6B7A6F6}
	EndGlobalSection
EndGlobal
